# This file is autogenerated and supposed to be committed to the git repository.
# Changing this file is not recommended and will likely break the build.
# Run `./gradlew --write-locks` to regenerate.
_libgcc_mutex=0.1=conda_forge @ linux-64
_openmp_mutex=4.5=2_gnu @ linux-64
blas-devel=3.9.0=28_h1ea3ea9_openblas @ linux-64
blas=2.128=openblas @ linux-64
bzip2=1.0.8=h4bc722e_7 @ linux-64
ca-certificates=2025.1.31=hbcca054_0 @ linux-64
decorator=5.1.1=pyhd8ed1ab_1 @ noarch
future=1.0.0=pyhd8ed1ab_1 @ noarch
ld_impl_linux-64=2.43=h712a8e2_2 @ linux-64
libblas=3.9.0=28_h59b9bed_openblas @ linux-64
libcblas=3.9.0=28_he106b2a_openblas @ linux-64
libffi=3.4.4=h6a678d5_1 @ linux-64
libgcc-ng=14.2.0=h69a702a_1 @ linux-64
libgcc=14.2.0=h77fa898_1 @ linux-64
libgfortran5=14.2.0=hd5240d6_1 @ linux-64
libgfortran=14.2.0=h69a702a_1 @ linux-64
libgomp=14.2.0=h77fa898_1 @ linux-64
liblapack=3.9.0=28_h7ac8fdf_openblas @ linux-64
liblapacke=3.9.0=28_he2f377e_openblas @ linux-64
liblzma=5.6.4=hb9d3cd8_0 @ linux-64
libnsl=2.0.1=hd590300_0 @ linux-64
libopenblas=0.3.28=pthreads_h94d23a6_1 @ linux-64
libsqlite=3.48.0=hee588c1_1 @ linux-64
libstdcxx-ng=14.2.0=h4852527_1 @ linux-64
libstdcxx=14.2.0=hc0a3c3a_1 @ linux-64
libuuid=2.38.1=h0b41bf4_0 @ linux-64
libxcrypt=4.4.36=hd590300_1 @ linux-64
libzlib=1.3.1=hb9d3cd8_2 @ linux-64
ncurses=6.5=h2d0b736_3 @ linux-64
numpy-base=1.26.4=py310h8a23956_0 @ linux-64
numpy=1.26.4=py310heeff2f4_0 @ linux-64
openblas=0.3.28=pthreads_h6ec200e_1 @ linux-64
openssl=3.4.0=h7b32b05_1 @ linux-64
packaging=24.2=pyhd8ed1ab_2 @ noarch
palantir-spark-time=3.24.0=py_0 @ noarch
parsimonious=0.8.1=py_0 @ noarch
pip=25.0=pyh8b19718_0 @ noarch
polars=1.21.0=py310hc556931_0 @ linux-64
py4j=0.10.9.7=py310h06a4308_0 @ linux-64
pyspark-src=3.5.1.37=py_0 @ noarch
pyspark=3.5.1.37=py_0 @ noarch
python-dateutil=2.9.0post0=py310h06a4308_0 @ linux-64
python=3.10.16=he725a3c_1_cpython @ linux-64
python_abi=3.10=5_cp310 @ linux-64
pytz=2025.1=pyhd8ed1ab_0 @ noarch
pyyaml=6.0.2=py310h89163eb_2 @ linux-64
readline=8.2=h8228510_1 @ linux-64
setuptools=70.0.0=pyhd8ed1ab_0 @ noarch
six=1.17.0=pyhd8ed1ab_0 @ noarch
source-cdm-common-utils=1.11.0=py_0 @ noarch
tk=8.6.13=noxft_h4845f30_101 @ linux-64
transforms-expectations=0.626.0=py_0 @ noarch
transforms-verbs=0.626.0=py_0 @ noarch
transforms=2.213.0=py_0 @ noarch
typing_extensions=4.12.2=pyha770c72_1 @ noarch
tzdata=2025a=h78e105d_0 @ noarch
wheel=0.45.1=pyhd8ed1ab_1 @ noarch
yaml=0.2.5=h7f98852_2 @ linux-64

[Conda lock version]
v2 - 85ee1f66f892fc8f7f5fa675bad16b61d244cca11af08bc1bc47a959747e4643
